// !$*UTF8*$!
{
	archiveVersion = 1;
	classes = {
	};
	objectVersion = 55;
	objects = {

/* Begin PBXBuildFile section */
		4E54A9F224DACDE8617E6D03 /* Pods_SecretGallery.framework in Frameworks */ = {isa = PBXBuildFile; fileRef = F800751405E8B8CA7C594D57 /* Pods_SecretGallery.framework */; };
		C53BE6C028EC322500C2F42A /* AppDelegate.swift in Sources */ = {isa = PBXBuildFile; fileRef = C53BE6BF28EC322500C2F42A /* AppDelegate.swift */; };
		C53BE6C228EC322500C2F42A /* SceneDelegate.swift in Sources */ = {isa = PBXBuildFile; fileRef = C53BE6C128EC322500C2F42A /* SceneDelegate.swift */; };
		C53BE6C428EC322500C2F42A /* MainViewController.swift in Sources */ = {isa = PBXBuildFile; fileRef = C53BE6C328EC322500C2F42A /* MainViewController.swift */; };
		C53BE6C928EC322600C2F42A /* Assets.xcassets in Resources */ = {isa = PBXBuildFile; fileRef = C53BE6C828EC322600C2F42A /* Assets.xcassets */; };
		C53BE6CC28EC322600C2F42A /* LaunchScreen.storyboard in Resources */ = {isa = PBXBuildFile; fileRef = C53BE6CA28EC322600C2F42A /* LaunchScreen.storyboard */; };
		C53BE6D428EC32B200C2F42A /* PicsCollectionViewCell.swift in Sources */ = {isa = PBXBuildFile; fileRef = C53BE6D328EC32B200C2F42A /* PicsCollectionViewCell.swift */; };
		C53BE6D628EC32CA00C2F42A /* DetailViewController.swift in Sources */ = {isa = PBXBuildFile; fileRef = C53BE6D528EC32CA00C2F42A /* DetailViewController.swift */; };
		C53BE6D828EC32E300C2F42A /* ImageScrollView.swift in Sources */ = {isa = PBXBuildFile; fileRef = C53BE6D728EC32E300C2F42A /* ImageScrollView.swift */; };
		C53BE6DA28EC32FA00C2F42A /* Images.swift in Sources */ = {isa = PBXBuildFile; fileRef = C53BE6D928EC32FA00C2F42A /* Images.swift */; };
		C57B1A3228EC3914000F33F0 /* Gradients.swift in Sources */ = {isa = PBXBuildFile; fileRef = C57B1A3128EC3914000F33F0 /* Gradients.swift */; };
		C57B1A3428EC392C000F33F0 /* BlockedViewController.swift in Sources */ = {isa = PBXBuildFile; fileRef = C57B1A3328EC392C000F33F0 /* BlockedViewController.swift */; };
		C5C32930290BF07E009310B9 /* Extension + UIView.swift in Sources */ = {isa = PBXBuildFile; fileRef = C5C3292F290BF07E009310B9 /* Extension + UIView.swift */; };
/* End PBXBuildFile section */

/* Begin PBXFileReference section */
		41EB1DA0E7C897A58DF41605 /* Pods-SecretGallery.release.xcconfig */ = {isa = PBXFileReference; includeInIndex = 1; lastKnownFileType = text.xcconfig; name = "Pods-SecretGallery.release.xcconfig"; path = "Target Support Files/Pods-SecretGallery/Pods-SecretGallery.release.xcconfig"; sourceTree = "<group>"; };
		C263C1E310AD892A9344E5CA /* Pods-SecretGallery.debug.xcconfig */ = {isa = PBXFileReference; includeInIndex = 1; lastKnownFileType = text.xcconfig; name = "Pods-SecretGallery.debug.xcconfig"; path = "Target Support Files/Pods-SecretGallery/Pods-SecretGallery.debug.xcconfig"; sourceTree = "<group>"; };
		C53BE6BC28EC322500C2F42A /* SecretGallery.app */ = {isa = PBXFileReference; explicitFileType = wrapper.application; includeInIndex = 0; path = SecretGallery.app; sourceTree = BUILT_PRODUCTS_DIR; };
		C53BE6BF28EC322500C2F42A /* AppDelegate.swift */ = {isa = PBXFileReference; lastKnownFileType = sourcecode.swift; path = AppDelegate.swift; sourceTree = "<group>"; };
		C53BE6C128EC322500C2F42A /* SceneDelegate.swift */ = {isa = PBXFileReference; lastKnownFileType = sourcecode.swift; path = SceneDelegate.swift; sourceTree = "<group>"; };
		C53BE6C328EC322500C2F42A /* MainViewController.swift */ = {isa = PBXFileReference; lastKnownFileType = sourcecode.swift; path = MainViewController.swift; sourceTree = "<group>"; };
		C53BE6C828EC322600C2F42A /* Assets.xcassets */ = {isa = PBXFileReference; lastKnownFileType = folder.assetcatalog; path = Assets.xcassets; sourceTree = "<group>"; };
		C53BE6CB28EC322600C2F42A /* Base */ = {isa = PBXFileReference; lastKnownFileType = file.storyboard; name = Base; path = Base.lproj/LaunchScreen.storyboard; sourceTree = "<group>"; };
		C53BE6CD28EC322600C2F42A /* Info.plist */ = {isa = PBXFileReference; lastKnownFileType = text.plist.xml; path = Info.plist; sourceTree = "<group>"; };
		C53BE6D328EC32B200C2F42A /* PicsCollectionViewCell.swift */ = {isa = PBXFileReference; lastKnownFileType = sourcecode.swift; path = PicsCollectionViewCell.swift; sourceTree = "<group>"; };
		C53BE6D528EC32CA00C2F42A /* DetailViewController.swift */ = {isa = PBXFileReference; lastKnownFileType = sourcecode.swift; path = DetailViewController.swift; sourceTree = "<group>"; };
		C53BE6D728EC32E300C2F42A /* ImageScrollView.swift */ = {isa = PBXFileReference; lastKnownFileType = sourcecode.swift; path = ImageScrollView.swift; sourceTree = "<group>"; };
		C53BE6D928EC32FA00C2F42A /* Images.swift */ = {isa = PBXFileReference; lastKnownFileType = sourcecode.swift; path = Images.swift; sourceTree = "<group>"; };
		C57B1A3128EC3914000F33F0 /* Gradients.swift */ = {isa = PBXFileReference; lastKnownFileType = sourcecode.swift; path = Gradients.swift; sourceTree = "<group>"; };
		C57B1A3328EC392C000F33F0 /* BlockedViewController.swift */ = {isa = PBXFileReference; lastKnownFileType = sourcecode.swift; path = BlockedViewController.swift; sourceTree = "<group>"; };
		C5C3292F290BF07E009310B9 /* Extension + UIView.swift */ = {isa = PBXFileReference; lastKnownFileType = sourcecode.swift; path = "Extension + UIView.swift"; sourceTree = "<group>"; };
		F800751405E8B8CA7C594D57 /* Pods_SecretGallery.framework */ = {isa = PBXFileReference; explicitFileType = wrapper.framework; includeInIndex = 0; path = Pods_SecretGallery.framework; sourceTree = BUILT_PRODUCTS_DIR; };
/* End PBXFileReference section */

/* Begin PBXFrameworksBuildPhase section */
		C53BE6B928EC322500C2F42A /* Frameworks */ = {
			isa = PBXFrameworksBuildPhase;
			buildActionMask = 2147483647;
			files = (
				4E54A9F224DACDE8617E6D03 /* Pods_SecretGallery.framework in Frameworks */,
			);
			runOnlyForDeploymentPostprocessing = 0;
		};
/* End PBXFrameworksBuildPhase section */

/* Begin PBXGroup section */
		283762E85B1EEDE24C419DCB /* Frameworks */ = {
			isa = PBXGroup;
			children = (
				F800751405E8B8CA7C594D57 /* Pods_SecretGallery.framework */,
			);
			name = Frameworks;
			sourceTree = "<group>";
		};
		56D5A35D5CCA7B0E94539036 /* Pods */ = {
			isa = PBXGroup;
			children = (
				C263C1E310AD892A9344E5CA /* Pods-SecretGallery.debug.xcconfig */,
				41EB1DA0E7C897A58DF41605 /* Pods-SecretGallery.release.xcconfig */,
			);
			path = Pods;
			sourceTree = "<group>";
		};
		C53BE6B328EC322500C2F42A = {
			isa = PBXGroup;
			children = (
				C53BE6BE28EC322500C2F42A /* SecretGallery */,
				C53BE6BD28EC322500C2F42A /* Products */,
				56D5A35D5CCA7B0E94539036 /* Pods */,
				283762E85B1EEDE24C419DCB /* Frameworks */,
			);
			sourceTree = "<group>";
		};
		C53BE6BD28EC322500C2F42A /* Products */ = {
			isa = PBXGroup;
			children = (
				C53BE6BC28EC322500C2F42A /* SecretGallery.app */,
			);
			name = Products;
			sourceTree = "<group>";
		};
		C53BE6BE28EC322500C2F42A /* SecretGallery */ = {
			isa = PBXGroup;
			children = (
				C53BE6DB28EC340800C2F42A /* Application */,
				C57B1A3528EC3E79000F33F0 /* Controllers */,
				C58B1A3F28EE201C00D2FB93 /* Cell */,
				C58B1A3E28EE200900D2FB93 /* Model */,
				C57B1A3128EC3914000F33F0 /* Gradients.swift */,
				C5C3292F290BF07E009310B9 /* Extension + UIView.swift */,
				C53BE6DC28EC346100C2F42A /* Helpers */,
			);
			path = SecretGallery;
			sourceTree = "<group>";
		};
		C53BE6DB28EC340800C2F42A /* Application */ = {
			isa = PBXGroup;
			children = (
				C53BE6BF28EC322500C2F42A /* AppDelegate.swift */,
				C53BE6C128EC322500C2F42A /* SceneDelegate.swift */,
			);
			path = Application;
			sourceTree = "<group>";
		};
		C53BE6DC28EC346100C2F42A /* Helpers */ = {
			isa = PBXGroup;
			children = (
				C53BE6C828EC322600C2F42A /* Assets.xcassets */,
				C53BE6CA28EC322600C2F42A /* LaunchScreen.storyboard */,
				C53BE6CD28EC322600C2F42A /* Info.plist */,
			);
			path = Helpers;
			sourceTree = "<group>";
		};
		C57B1A3528EC3E79000F33F0 /* Controllers */ = {
			isa = PBXGroup;
			children = (
				C57B1A3328EC392C000F33F0 /* BlockedViewController.swift */,
				C53BE6C328EC322500C2F42A /* MainViewController.swift */,
				C53BE6D528EC32CA00C2F42A /* DetailViewController.swift */,
			);
			path = Controllers;
			sourceTree = "<group>";
		};
		C58B1A3E28EE200900D2FB93 /* Model */ = {
			isa = PBXGroup;
			children = (
				C53BE6D928EC32FA00C2F42A /* Images.swift */,
				C53BE6D728EC32E300C2F42A /* ImageScrollView.swift */,
			);
			path = Model;
			sourceTree = "<group>";
		};
		C58B1A3F28EE201C00D2FB93 /* Cell */ = {
			isa = PBXGroup;
			children = (
				C53BE6D328EC32B200C2F42A /* PicsCollectionViewCell.swift */,
			);
			path = Cell;
			sourceTree = "<group>";
		};
/* End PBXGroup section */

/* Begin PBXNativeTarget section */
		C53BE6BB28EC322500C2F42A /* SecretGallery */ = {
			isa = PBXNativeTarget;
			buildConfigurationList = C53BE6D028EC322600C2F42A /* Build configuration list for PBXNativeTarget "SecretGallery" */;
			buildPhases = (
				B54F2D8D20BFC109C9861976 /* [CP] Check Pods Manifest.lock */,
				C53BE6B828EC322500C2F42A /* Sources */,
				C53BE6B928EC322500C2F42A /* Frameworks */,
				C53BE6BA28EC322500C2F42A /* Resources */,
				463A7D9AEF769DEADD1040ED /* [CP] Embed Pods Frameworks */,
			);
			buildRules = (
			);
			dependencies = (
			);
			name = SecretGallery;
			productName = SecretGallery;
			productReference = C53BE6BC28EC322500C2F42A /* SecretGallery.app */;
			productType = "com.apple.product-type.application";
		};
/* End PBXNativeTarget section */

/* Begin PBXProject section */
		C53BE6B428EC322500C2F42A /* Project object */ = {
			isa = PBXProject;
			attributes = {
				BuildIndependentTargetsInParallel = 1;
				LastSwiftUpdateCheck = 1400;
				LastUpgradeCheck = 1400;
				TargetAttributes = {
					C53BE6BB28EC322500C2F42A = {
						CreatedOnToolsVersion = 14.0.1;
					};
				};
			};
			buildConfigurationList = C53BE6B728EC322500C2F42A /* Build configuration list for PBXProject "SecretGallery" */;
			compatibilityVersion = "Xcode 13.0";
			developmentRegion = en;
			hasScannedForEncodings = 0;
			knownRegions = (
				en,
				Base,
			);
			mainGroup = C53BE6B328EC322500C2F42A;
			productRefGroup = C53BE6BD28EC322500C2F42A /* Products */;
			projectDirPath = "";
			projectRoot = "";
			targets = (
				C53BE6BB28EC322500C2F42A /* SecretGallery */,
			);
		};
/* End PBXProject section */

/* Begin PBXResourcesBuildPhase section */
		C53BE6BA28EC322500C2F42A /* Resources */ = {
			isa = PBXResourcesBuildPhase;
			buildActionMask = 2147483647;
			files = (
				C53BE6CC28EC322600C2F42A /* LaunchScreen.storyboard in Resources */,
				C53BE6C928EC322600C2F42A /* Assets.xcassets in Resources */,
			);
			runOnlyForDeploymentPostprocessing = 0;
		};
/* End PBXResourcesBuildPhase section */

/* Begin PBXShellScriptBuildPhase section */
		463A7D9AEF769DEADD1040ED /* [CP] Embed Pods Frameworks */ = {
			isa = PBXShellScriptBuildPhase;
			buildActionMask = 2147483647;
			files = (
			);
			inputFileListPaths = (
				"${PODS_ROOT}/Target Support Files/Pods-SecretGallery/Pods-SecretGallery-frameworks-${CONFIGURATION}-input-files.xcfilelist",
			);
			name = "[CP] Embed Pods Frameworks";
			outputFileListPaths = (
				"${PODS_ROOT}/Target Support Files/Pods-SecretGallery/Pods-SecretGallery-frameworks-${CONFIGURATION}-output-files.xcfilelist",
			);
			runOnlyForDeploymentPostprocessing = 0;
			shellPath = /bin/sh;
			shellScript = "\"${PODS_ROOT}/Target Support Files/Pods-SecretGallery/Pods-SecretGallery-frameworks.sh\"\n";
			showEnvVarsInLog = 0;
		};
		B54F2D8D20BFC109C9861976 /* [CP] Check Pods Manifest.lock */ = {
			isa = PBXShellScriptBuildPhase;
			buildActionMask = 2147483647;
			files = (
			);
			inputFileListPaths = (
			);
			inputPaths = (
				"${PODS_PODFILE_DIR_PATH}/Podfile.lock",
				"${PODS_ROOT}/Manifest.lock",
			);
			name = "[CP] Check Pods Manifest.lock";
			outputFileListPaths = (
			);
			outputPaths = (
				"$(DERIVED_FILE_DIR)/Pods-SecretGallery-checkManifestLockResult.txt",
			);
			runOnlyForDeploymentPostprocessing = 0;
			shellPath = /bin/sh;
			shellScript = "diff \"${PODS_PODFILE_DIR_PATH}/Podfile.lock\" \"${PODS_ROOT}/Manifest.lock\" > /dev/null\nif [ $? != 0 ] ; then\n    # print error to STDERR\n    echo \"error: The sandbox is not in sync with the Podfile.lock. Run 'pod install' or update your CocoaPods installation.\" >&2\n    exit 1\nfi\n# This output is used by Xcode 'outputs' to avoid re-running this script phase.\necho \"SUCCESS\" > \"${SCRIPT_OUTPUT_FILE_0}\"\n";
			showEnvVarsInLog = 0;
		};
/* End PBXShellScriptBuildPhase section */

/* Begin PBXSourcesBuildPhase section */
		C53BE6B828EC322500C2F42A /* Sources */ = {
			isa = PBXSourcesBuildPhase;
			buildActionMask = 2147483647;
			files = (
				C57B1A3428EC392C000F33F0 /* BlockedViewController.swift in Sources */,
				C53BE6DA28EC32FA00C2F42A /* Images.swift in Sources */,
				C57B1A3228EC3914000F33F0 /* Gradients.swift in Sources */,
				C53BE6C428EC322500C2F42A /* MainViewController.swift in Sources */,
				C53BE6D428EC32B200C2F42A /* PicsCollectionViewCell.swift in Sources */,
				C53BE6D628EC32CA00C2F42A /* DetailViewController.swift in Sources */,
				C5C32930290BF07E009310B9 /* Extension + UIView.swift in Sources */,
				C53BE6D828EC32E300C2F42A /* ImageScrollView.swift in Sources */,
				C53BE6C028EC322500C2F42A /* AppDelegate.swift in Sources */,
				C53BE6C228EC322500C2F42A /* SceneDelegate.swift in Sources */,
			);
			runOnlyForDeploymentPostprocessing = 0;
		};
/* End PBXSourcesBuildPhase section */

/* Begin PBXVariantGroup section */
		C53BE6CA28EC322600C2F42A /* LaunchScreen.storyboard */ = {
			isa = PBXVariantGroup;
			children = (
				C53BE6CB28EC322600C2F42A /* Base */,
			);
			name = LaunchScreen.storyboard;
			sourceTree = "<group>";
		};
/* End PBXVariantGroup section */

/* Begin XCBuildConfiguration section */
		C53BE6CE28EC322600C2F42A /* Debug */ = {
			isa = XCBuildConfiguration;
			buildSettings = {
				ALWAYS_SEARCH_USER_PATHS = NO;
				CLANG_ANALYZER_NONNULL = YES;
				CLANG_ANALYZER_NUMBER_OBJECT_CONVERSION = YES_AGGRESSIVE;
				CLANG_CXX_LANGUAGE_STANDARD = "gnu++20";
				CLANG_ENABLE_MODULES = YES;
				CLANG_ENABLE_OBJC_ARC = YES;
				CLANG_ENABLE_OBJC_WEAK = YES;
				CLANG_WARN_BLOCK_CAPTURE_AUTORELEASING = YES;
				CLANG_WARN_BOOL_CONVERSION = YES;
				CLANG_WARN_COMMA = YES;
				CLANG_WARN_CONSTANT_CONVERSION = YES;
				CLANG_WARN_DEPRECATED_OBJC_IMPLEMENTATIONS = YES;
				CLANG_WARN_DIRECT_OBJC_ISA_USAGE = YES_ERROR;
				CLANG_WARN_DOCUMENTATION_COMMENTS = YES;
				CLANG_WARN_EMPTY_BODY = YES;
				CLANG_WARN_ENUM_CONVERSION = YES;
				CLANG_WARN_INFINITE_RECURSION = YES;
				CLANG_WARN_INT_CONVERSION = YES;
				CLANG_WARN_NON_LITERAL_NULL_CONVERSION = YES;
				CLANG_WARN_OBJC_IMPLICIT_RETAIN_SELF = YES;
				CLANG_WARN_OBJC_LITERAL_CONVERSION = YES;
				CLANG_WARN_OBJC_ROOT_CLASS = YES_ERROR;
				CLANG_WARN_QUOTED_INCLUDE_IN_FRAMEWORK_HEADER = YES;
				CLANG_WARN_RANGE_LOOP_ANALYSIS = YES;
				CLANG_WARN_STRICT_PROTOTYPES = YES;
				CLANG_WARN_SUSPICIOUS_MOVE = YES;
				CLANG_WARN_UNGUARDED_AVAILABILITY = YES_AGGRESSIVE;
				CLANG_WARN_UNREACHABLE_CODE = YES;
				CLANG_WARN__DUPLICATE_METHOD_MATCH = YES;
				COPY_PHASE_STRIP = NO;
				DEBUG_INFORMATION_FORMAT = dwarf;
				ENABLE_STRICT_OBJC_MSGSEND = YES;
				ENABLE_TESTABILITY = YES;
				GCC_C_LANGUAGE_STANDARD = gnu11;
				GCC_DYNAMIC_NO_PIC = NO;
				GCC_NO_COMMON_BLOCKS = YES;
				GCC_OPTIMIZATION_LEVEL = 0;
				GCC_PREPROCESSOR_DEFINITIONS = (
					"DEBUG=1",
					"$(inherited)",
				);
				GCC_WARN_64_TO_32_BIT_CONVERSION = YES;
				GCC_WARN_ABOUT_RETURN_TYPE = YES_ERROR;
				GCC_WARN_UNDECLARED_SELECTOR = YES;
				GCC_WARN_UNINITIALIZED_AUTOS = YES_AGGRESSIVE;
				GCC_WARN_UNUSED_FUNCTION = YES;
				GCC_WARN_UNUSED_VARIABLE = YES;
				IPHONEOS_DEPLOYMENT_TARGET = 15.0;
				MTL_ENABLE_DEBUG_INFO = INCLUDE_SOURCE;
				MTL_FAST_MATH = YES;
				ONLY_ACTIVE_ARCH = YES;
				SDKROOT = iphoneos;
				SWIFT_ACTIVE_COMPILATION_CONDITIONS = DEBUG;
				SWIFT_OPTIMIZATION_LEVEL = "-Onone";
			};
			name = Debug;
		};
		C53BE6CF28EC322600C2F42A /* Release */ = {
			isa = XCBuildConfiguration;
			buildSettings = {
				ALWAYS_SEARCH_USER_PATHS = NO;
				CLANG_ANALYZER_NONNULL = YES;
				CLANG_ANALYZER_NUMBER_OBJECT_CONVERSION = YES_AGGRESSIVE;
				CLANG_CXX_LANGUAGE_STANDARD = "gnu++20";
				CLANG_ENABLE_MODULES = YES;
				CLANG_ENABLE_OBJC_ARC = YES;
				CLANG_ENABLE_OBJC_WEAK = YES;
				CLANG_WARN_BLOCK_CAPTURE_AUTORELEASING = YES;
				CLANG_WARN_BOOL_CONVERSION = YES;
				CLANG_WARN_COMMA = YES;
				CLANG_WARN_CONSTANT_CONVERSION = YES;
				CLANG_WARN_DEPRECATED_OBJC_IMPLEMENTATIONS = YES;
				CLANG_WARN_DIRECT_OBJC_ISA_USAGE = YES_ERROR;
				CLANG_WARN_DOCUMENTATION_COMMENTS = YES;
				CLANG_WARN_EMPTY_BODY = YES;
				CLANG_WARN_ENUM_CONVERSION = YES;
				CLANG_WARN_INFINITE_RECURSION = YES;
				CLANG_WARN_INT_CONVERSION = YES;
				CLANG_WARN_NON_LITERAL_NULL_CONVERSION = YES;
				CLANG_WARN_OBJC_IMPLICIT_RETAIN_SELF = YES;
				CLANG_WARN_OBJC_LITERAL_CONVERSION = YES;
				CLANG_WARN_OBJC_ROOT_CLASS = YES_ERROR;
				CLANG_WARN_QUOTED_INCLUDE_IN_FRAMEWORK_HEADER = YES;
				CLANG_WARN_RANGE_LOOP_ANALYSIS = YES;
				CLANG_WARN_STRICT_PROTOTYPES = YES;
				CLANG_WARN_SUSPICIOUS_MOVE = YES;
				CLANG_WARN_UNGUARDED_AVAILABILITY = YES_AGGRESSIVE;
				CLANG_WARN_UNREACHABLE_CODE = YES;
				CLANG_WARN__DUPLICATE_METHOD_MATCH = YES;
				COPY_PHASE_STRIP = NO;
				DEBUG_INFORMATION_FORMAT = "dwarf-with-dsym";
				ENABLE_NS_ASSERTIONS = NO;
				ENABLE_STRICT_OBJC_MSGSEND = YES;
				GCC_C_LANGUAGE_STANDARD = gnu11;
				GCC_NO_COMMON_BLOCKS = YES;
				GCC_WARN_64_TO_32_BIT_CONVERSION = YES;
				GCC_WARN_ABOUT_RETURN_TYPE = YES_ERROR;
				GCC_WARN_UNDECLARED_SELECTOR = YES;
				GCC_WARN_UNINITIALIZED_AUTOS = YES_AGGRESSIVE;
				GCC_WARN_UNUSED_FUNCTION = YES;
				GCC_WARN_UNUSED_VARIABLE = YES;
				IPHONEOS_DEPLOYMENT_TARGET = 15.0;
				MTL_ENABLE_DEBUG_INFO = NO;
				MTL_FAST_MATH = YES;
				SDKROOT = iphoneos;
				SWIFT_COMPILATION_MODE = wholemodule;
				SWIFT_OPTIMIZATION_LEVEL = "-O";
				VALIDATE_PRODUCT = YES;
			};
			name = Release;
		};
		C53BE6D128EC322600C2F42A /* Debug */ = {
			isa = XCBuildConfiguration;
			baseConfigurationReference = C263C1E310AD892A9344E5CA /* Pods-SecretGallery.debug.xcconfig */;
			buildSettings = {
				ASSETCATALOG_COMPILER_APPICON_NAME = AppIcon;
				ASSETCATALOG_COMPILER_GLOBAL_ACCENT_COLOR_NAME = AccentColor;
				CODE_SIGN_STYLE = Automatic;
				CURRENT_PROJECT_VERSION = 1;
				DEVELOPMENT_TEAM = 5CD9RDCH3V;
				GENERATE_INFOPLIST_FILE = YES;
				INFOPLIST_FILE = SecretGallery/Helpers/Info.plist;
				INFOPLIST_KEY_CFBundleDisplayName = "Secret Gallery";
				INFOPLIST_KEY_NSFaceIDUsageDescription = "Для доступа к контенту только тебе";
				INFOPLIST_KEY_UIApplicationSupportsIndirectInputEvents = YES;
				INFOPLIST_KEY_UILaunchStoryboardName = LaunchScreen;
				INFOPLIST_KEY_UISupportedInterfaceOrientations = UIInterfaceOrientationPortrait;
				INFOPLIST_KEY_UISupportedInterfaceOrientations_iPad = "UIInterfaceOrientationPortrait UIInterfaceOrientationPortraitUpsideDown";
				LD_RUNPATH_SEARCH_PATHS = (
					"$(inherited)",
					"@executable_path/Frameworks",
				);
				MARKETING_VERSION = 1.0;
				PRODUCT_BUNDLE_IDENTIFIER = com.SAI.SecretGallery;
				PRODUCT_NAME = "$(TARGET_NAME)";
				SUPPORTED_PLATFORMS = "iphoneos iphonesimulator";
				SUPPORTS_MACCATALYST = NO;
				SUPPORTS_MAC_DESIGNED_FOR_IPHONE_IPAD = NO;
				SWIFT_EMIT_LOC_STRINGS = YES;
				SWIFT_VERSION = 5.0;
				TARGETED_DEVICE_FAMILY = "1,2";
			};
			name = Debug;
		};
		C53BE6D228EC322600C2F42A /* Release */ = {
			isa = XCBuildConfiguration;
			baseConfigurationReference = 41EB1DA0E7C897A58DF41605 /* Pods-SecretGallery.release.xcconfig */;
			buildSettings = {
				ASSETCATALOG_COMPILER_APPICON_NAME = AppIcon;
				ASSETCATALOG_COMPILER_GLOBAL_ACCENT_COLOR_NAME = AccentColor;
				CODE_SIGN_STYLE = Automatic;
				CURRENT_PROJECT_VERSION = 1;
				DEVELOPMENT_TEAM = 5CD9RDCH3V;
				GENERATE_INFOPLIST_FILE = YES;
				INFOPLIST_FILE = SecretGallery/Helpers/Info.plist;
				INFOPLIST_KEY_CFBundleDisplayName = "Secret Gallery";
				INFOPLIST_KEY_NSFaceIDUsageDescription = "Для доступа к контенту только тебе";
				INFOPLIST_KEY_UIApplicationSupportsIndirectInputEvents = YES;
				INFOPLIST_KEY_UILaunchStoryboardName = LaunchScreen;
				INFOPLIST_KEY_UISupportedInterfaceOrientations = UIInterfaceOrientationPortrait;
				INFOPLIST_KEY_UISupportedInterfaceOrientations_iPad = "UIInterfaceOrientationPortrait UIInterfaceOrientationPortraitUpsideDown";
				LD_RUNPATH_SEARCH_PATHS = (
					"$(inherited)",
					"@executable_path/Frameworks",
				);
				MARKETING_VERSION = 1.0;
				PRODUCT_BUNDLE_IDENTIFIER = com.SAI.SecretGallery;
				PRODUCT_NAME = "$(TARGET_NAME)";
				SUPPORTED_PLATFORMS = "iphoneos iphonesimulator";
				SUPPORTS_MACCATALYST = NO;
				SUPPORTS_MAC_DESIGNED_FOR_IPHONE_IPAD = NO;
				SWIFT_EMIT_LOC_STRINGS = YES;
				SWIFT_VERSION = 5.0;
				TARGETED_DEVICE_FAMILY = "1,2";
			};
			name = Release;
		};
/* End XCBuildConfiguration section */

/* Begin XCConfigurationList section */
		C53BE6B728EC322500C2F42A /* Build configuration list for PBXProject "SecretGallery" */ = {
			isa = XCConfigurationList;
			buildConfigurations = (
				C53BE6CE28EC322600C2F42A /* Debug */,
				C53BE6CF28EC322600C2F42A /* Release */,
			);
			defaultConfigurationIsVisible = 0;
			defaultConfigurationName = Release;
		};
		C53BE6D028EC322600C2F42A /* Build configuration list for PBXNativeTarget "SecretGallery" */ = {
			isa = XCConfigurationList;
			buildConfigurations = (
				C53BE6D128EC322600C2F42A /* Debug */,
				C53BE6D228EC322600C2F42A /* Release */,
			);
			defaultConfigurationIsVisible = 0;
			defaultConfigurationName = Release;
		};
/* End XCConfigurationList section */
	};
	rootObject = C53BE6B428EC322500C2F42A /* Project object */;
}
